
Microsoft Visual Studio Solution File, Format Version 12.00
# Visual Studio Version 16
VisualStudioVersion = 16.0.32413.511
MinimumVisualStudioVersion = 10.0.40219.1
Project("{FAE04EC0-301F-11D3-BF4B-00C04F79EFBC}") = "ApiPratica", "ApiPratica\ApiPratica.csproj", "{026487EE-623D-49B3-9186-E791BD493C68}"
EndProject
Global
	GlobalSection(SolutionConfigurationPlatforms) = preSolution
		Debug|Any CPU = Debug|Any CPU
		Release|Any CPU = Release|Any CPU
	EndGlobalSection
	GlobalSection(ProjectConfigurationPlatforms) = postSolution
		{026487EE-623D-49B3-9186-E791BD493C68}.Debug|Any CPU.ActiveCfg = Debug|Any CPU
		{026487EE-623D-49B3-9186-E791BD493C68}.Debug|Any CPU.Build.0 = Debug|Any CPU
		{026487EE-623D-49B3-9186-E791BD493C68}.Release|Any CPU.ActiveCfg = Release|Any CPU
		{026487EE-623D-49B3-9186-E791BD493C68}.Release|Any CPU.Build.0 = Release|Any CPU
	EndGlobalSection
	GlobalSection(SolutionProperties) = preSolution
		HideSolutionNode = FALSE
	EndGlobalSection
	GlobalSection(ExtensibilityGlobals) = postSolution
		SolutionGuid = {269975EB-AB02-4F7C-88FA-AF43638F31A2}
	EndGlobalSection
EndGlobal
